<?xml version="1.0" encoding="utf-8"?>
<Project ToolsVersion="4.0" xmlns="http://schemas.microsoft.com/developer/msbuild/2003">
  <ItemGroup>
    <Filter Include="Resource Files">
      <UniqueIdentifier>{67DA6AB6-F800-4c08-8B7A-83BB121AAD01}</UniqueIdentifier>
      <Extensions>rc;ico;cur;bmp;dlg;rc2;rct;bin;rgs;gif;jpg;jpeg;jpe;resx;tiff;tif;png;wav;mfcribbon-ms</Extensions>
    </Filter>
    <Filter Include="Scripts">
      <UniqueIdentifier>{e18bf517-d716-4fd8-b080-913ee63680ab}</UniqueIdentifier>
    </Filter>
    <Filter Include="Scripts\MayaMaterialX">
      <UniqueIdentifier>{88e51c5f-3e73-42b0-b55c-dbf748182f99}</UniqueIdentifier>
    </Filter>
  </ItemGroup>
  <ItemGroup>
    <ClCompile Include="..\scripts\ImportExportTranslator.cpp">
      <Filter>Scripts</Filter>
    </ClCompile>
    <ClCompile Include="..\scripts\MayaMaterialRegisterer.cpp">
      <Filter>Scripts</Filter>
    </ClCompile>
    <ClCompile Include="..\scripts\plugin.cpp">
      <Filter>Scripts</Filter>
    </ClCompile>
    <ClCompile Include="..\materialGenerator\RPR_MX_NodeName1.cpp">
      <Filter>Scripts</Filter>
    </ClCompile>
  </ItemGroup>
  <ItemGroup>
    <ClInclude Include="..\scripts\ImportExportTranslator.h">
      <Filter>Scripts</Filter>
    </ClInclude>
    <ClInclude Include="..\scripts\INodeRegisterer.h">
      <Filter>Scripts</Filter>
    </ClInclude>
    <ClInclude Include="..\scripts\MayaMaterialRegisterer.h">
      <Filter>Scripts</Filter>
    </ClInclude>
    <ClInclude Include="..\materialGenerator\RPR_MX_NodeName1.h">
      <Filter>Scripts</Filter>
    </ClInclude>
    <ClInclude Include="..\scripts\MayaMaterialX\common.h">
      <Filter>Scripts\MayaMaterialX</Filter>
    </ClInclude>
  </ItemGroup>
</Project>